
Microsoft Visual Studio Solution File, Format Version 12.00
# Visual Studio Version 17
VisualStudioVersion = 17.2.32630.192
MinimumVisualStudioVersion = 10.0.40219.1
Project("{2150E333-8FDC-42A3-9474-1A3956D46DE8}") = "Services", "Services", "{AC89C5EB-DBF7-4473-94C3-4D6156996858}"
EndProject
Project("{2150E333-8FDC-42A3-9474-1A3956D46DE8}") = "Catalog", "Catalog", "{06CCF098-4DFE-490C-92EE-2A554CAE1E50}"
EndProject
Project("{9A19103F-16F7-4668-BE54-9A1E7A4F7556}") = "FreeCourseServices.Catalog", "Services\Catalog\FreeCourseServices.Catalog\FreeCourseServices.Catalog.csproj", "{DB7BC0A9-3F66-4ABC-A545-6B8D40A6E844}"
EndProject
Project("{2150E333-8FDC-42A3-9474-1A3956D46DE8}") = "Solution Items", "Solution Items", "{2D4588F0-15E9-456B-B79E-43803F14D702}"
	ProjectSection(SolutionItems) = preProject
		Port.txt = Port.txt
	EndProjectSection
EndProject
Project("{2150E333-8FDC-42A3-9474-1A3956D46DE8}") = "Shared", "Shared", "{D1EB9800-1ED7-4A53-A0D2-EE18F770242D}"
EndProject
Project("{FAE04EC0-301F-11D3-BF4B-00C04F79EFBC}") = "FreeCourseShared", "Shared\FreeCourseShared\FreeCourseShared.csproj", "{4ACB51B0-3033-4020-BC79-162BB45E1601}"
EndProject
Global
	GlobalSection(SolutionConfigurationPlatforms) = preSolution
		Debug|Any CPU = Debug|Any CPU
		Release|Any CPU = Release|Any CPU
	EndGlobalSection
	GlobalSection(ProjectConfigurationPlatforms) = postSolution
		{DB7BC0A9-3F66-4ABC-A545-6B8D40A6E844}.Debug|Any CPU.ActiveCfg = Debug|Any CPU
		{DB7BC0A9-3F66-4ABC-A545-6B8D40A6E844}.Debug|Any CPU.Build.0 = Debug|Any CPU
		{DB7BC0A9-3F66-4ABC-A545-6B8D40A6E844}.Release|Any CPU.ActiveCfg = Release|Any CPU
		{DB7BC0A9-3F66-4ABC-A545-6B8D40A6E844}.Release|Any CPU.Build.0 = Release|Any CPU
		{4ACB51B0-3033-4020-BC79-162BB45E1601}.Debug|Any CPU.ActiveCfg = Debug|Any CPU
		{4ACB51B0-3033-4020-BC79-162BB45E1601}.Debug|Any CPU.Build.0 = Debug|Any CPU
		{4ACB51B0-3033-4020-BC79-162BB45E1601}.Release|Any CPU.ActiveCfg = Release|Any CPU
		{4ACB51B0-3033-4020-BC79-162BB45E1601}.Release|Any CPU.Build.0 = Release|Any CPU
	EndGlobalSection
	GlobalSection(SolutionProperties) = preSolution
		HideSolutionNode = FALSE
	EndGlobalSection
	GlobalSection(NestedProjects) = preSolution
		{06CCF098-4DFE-490C-92EE-2A554CAE1E50} = {AC89C5EB-DBF7-4473-94C3-4D6156996858}
		{DB7BC0A9-3F66-4ABC-A545-6B8D40A6E844} = {06CCF098-4DFE-490C-92EE-2A554CAE1E50}
		{4ACB51B0-3033-4020-BC79-162BB45E1601} = {D1EB9800-1ED7-4A53-A0D2-EE18F770242D}
	EndGlobalSection
	GlobalSection(ExtensibilityGlobals) = postSolution
		SolutionGuid = {A4705C86-4813-42C2-84F2-3885AC8BEF61}
	EndGlobalSection
EndGlobal
